<?xml version="1.0" encoding="UTF-8"?>
<Scheme
   LastUpgradeVersion = "0620"
   version = "1.3">
   <BuildAction
      parallelizeBuildables = "YES"
      buildImplicitDependencies = "YES">
      <BuildActionEntries>
         <BuildActionEntry
            buildForTesting = "YES"
            buildForRunning = "YES"
            buildForProfiling = "YES"
            buildForArchiving = "YES"
            buildForAnalyzing = "YES">
            <BuildableReference
               BuildableIdentifier = "primary"
               BlueprintIdentifier = "DF4337B71ABE5E370082B0CB"
               BuildableName = "watchtest WatchKit App.app"
               BlueprintName = "watchtest WatchKit App"
               ReferencedContainer = "container:watchtest.xcodeproj">
            </BuildableReference>
         </BuildActionEntry>
         <BuildActionEntry
            buildForTesting = "YES"
            buildForRunning = "YES"
            buildForProfiling = "YES"
            buildForArchiving = "YES"
            buildForAnalyzing = "YES">
            <BuildableReference
               BuildableIdentifier = "primary"
               BlueprintIdentifier = "DF4337841ABE5DEE0082B0CB"
               BuildableName = "Feetch.app"
               BlueprintName = "Feetch"
               ReferencedContainer = "container:watchtest.xcodeproj">
            </BuildableReference>
         </BuildActionEntry>
         <BuildActionEntry
            buildForTesting = "YES"
            buildForRunning = "YES"
            buildForProfiling = "YES"
            buildForArchiving = "YES"
            buildForAnalyzing = "YES">
            <BuildableReference
               BuildableIdentifier = "primary"
               BlueprintIdentifier = "DF4337AD1ABE5E370082B0CB"
               BuildableName = "watchtest WatchKit Extension.appex"
               BlueprintName = "watchtest WatchKit Extension"
               ReferencedContainer = "container:watchtest.xcodeproj">
            </BuildableReference>
         </BuildActionEntry>
         <BuildActionEntry
            buildForTesting = "YES"
            buildForRunning = "YES"
            buildForProfiling = "NO"
            buildForArchiving = "NO"
            buildForAnalyzing = "YES">
            <BuildableReference
               BuildableIdentifier = "primary"
               BlueprintIdentifier = "DF3AB9FB1AC8047D00E6D8C5"
               BuildableName = "WatchExtensionEmbeddedLibTests.xctest"
               BlueprintName = "WatchExtensionEmbeddedLibTests"
               ReferencedContainer = "container:watchtest.xcodeproj">
            </BuildableReference>
         </BuildActionEntry>
      </BuildActionEntries>
   </BuildAction>
   <TestAction
      selectedDebuggerIdentifier = "Xcode.DebuggerFoundation.Debugger.LLDB"
      selectedLauncherIdentifier = "Xcode.DebuggerFoundation.Launcher.LLDB"
      shouldUseLaunchSchemeArgsEnv = "YES"
      buildConfiguration = "Debug">
      <Testables>
         <TestableReference
            skipped = "NO">
            <BuildableReference
               BuildableIdentifier = "primary"
               BlueprintIdentifier = "DF3AB9FB1AC8047D00E6D8C5"
               BuildableName = "WatchExtensionEmbeddedLibTests.xctest"
               BlueprintName = "WatchExtensionEmbeddedLibTests"
               ReferencedContainer = "container:watchtest.xcodeproj">
            </BuildableReference>
         </TestableReference>
      </Testables>
      <MacroExpansion>
         <BuildableReference
            BuildableIdentifier = "primary"
            BlueprintIdentifier = "DF4337B71ABE5E370082B0CB"
            BuildableName = "watchtest WatchKit App.app"
            BlueprintName = "watchtest WatchKit App"
            ReferencedContainer = "container:watchtest.xcodeproj">
         </BuildableReference>
      </MacroExpansion>
   </TestAction>
   <LaunchAction
      selectedDebuggerIdentifier = "Xcode.DebuggerFoundation.Debugger.LLDB"
      selectedLauncherIdentifier = "Xcode.DebuggerFoundation.Launcher.LLDB"
      launchStyle = "0"
      useCustomWorkingDirectory = "NO"
      buildConfiguration = "Debug"
      ignoresPersistentStateOnLaunch = "NO"
      debugDocumentVersioning = "YES"
      allowLocationSimulation = "YES">
      <RemoteRunnable
         runnableDebuggingMode = "2"
         BundleIdentifier = "com.apple.springboard"
         RemotePath = "/watchtest">
         <BuildableReference
            BuildableIdentifier = "primary"
            BlueprintIdentifier = "DF4337B71ABE5E370082B0CB"
            BuildableName = "watchtest WatchKit App.app"
            BlueprintName = "watchtest WatchKit App"
            ReferencedContainer = "container:watchtest.xcodeproj">
         </BuildableReference>
      </RemoteRunnable>
      <MacroExpansion>
         <BuildableReference
            BuildableIdentifier = "primary"
            BlueprintIdentifier = "DF4337B71ABE5E370082B0CB"
            BuildableName = "watchtest WatchKit App.app"
            BlueprintName = "watchtest WatchKit App"
            ReferencedContainer = "container:watchtest.xcodeproj">
         </BuildableReference>
      </MacroExpansion>
      <AdditionalOptions>
      </AdditionalOptions>
   </LaunchAction>
   <ProfileAction
      shouldUseLaunchSchemeArgsEnv = "YES"
      savedToolIdentifier = ""
      useCustomWorkingDirectory = "NO"
      buildConfiguration = "Release"
      debugDocumentVersioning = "YES">
      <RemoteRunnable
         runnableDebuggingMode = "2"
         BundleIdentifier = "com.apple.springboard"
         RemotePath = "/watchtest">
         <BuildableReference
            BuildableIdentifier = "primary"
            BlueprintIdentifier = "DF4337B71ABE5E370082B0CB"
            BuildableName = "watchtest WatchKit App.app"
            BlueprintName = "watchtest WatchKit App"
            ReferencedContainer = "container:watchtest.xcodeproj">
         </BuildableReference>
      </RemoteRunnable>
      <MacroExpansion>
         <BuildableReference
            BuildableIdentifier = "primary"
            BlueprintIdentifier = "DF4337B71ABE5E370082B0CB"
            BuildableName = "watchtest WatchKit App.app"
            BlueprintName = "watchtest WatchKit App"
            ReferencedContainer = "container:watchtest.xcodeproj">
         </BuildableReference>
      </MacroExpansion>
   </ProfileAction>
   <AnalyzeAction
      buildConfiguration = "Debug">
   </AnalyzeAction>
   <ArchiveAction
      buildConfiguration = "Release"
      revealArchiveInOrganizer = "YES">
   </ArchiveAction>
</Scheme>
